
Microsoft Visual Studio Solution File, Format Version 12.00
# Visual Studio 15
VisualStudioVersion = 15.0.27703.2035
MinimumVisualStudioVersion = 10.0.40219.1
Project("{9A19103F-16F7-4668-BE54-9A1E7A4F7556}") = "OrgSync", "OrgSync\OrgSync.csproj", "{CBD6EAF9-3ADB-48C7-AFB1-AF33B9323D8C}"
EndProject
Global
	GlobalSection(SolutionConfigurationPlatforms) = preSolution
		Debug|Any CPU = Debug|Any CPU
		Release|Any CPU = Release|Any CPU
	EndGlobalSection
	GlobalSection(ProjectConfigurationPlatforms) = postSolution
		{CBD6EAF9-3ADB-48C7-AFB1-AF33B9323D8C}.Debug|Any CPU.ActiveCfg = Debug|Any CPU
		{CBD6EAF9-3ADB-48C7-AFB1-AF33B9323D8C}.Debug|Any CPU.Build.0 = Debug|Any CPU
		{CBD6EAF9-3ADB-48C7-AFB1-AF33B9323D8C}.Release|Any CPU.ActiveCfg = Release|Any CPU
		{CBD6EAF9-3ADB-48C7-AFB1-AF33B9323D8C}.Release|Any CPU.Build.0 = Release|Any CPU
	EndGlobalSection
	GlobalSection(SolutionProperties) = preSolution
		HideSolutionNode = FALSE
	EndGlobalSection
	GlobalSection(ExtensibilityGlobals) = postSolution
		SolutionGuid = {DD4717C6-8D69-44A6-B9A5-F4E3DB94C3D7}
	EndGlobalSection
EndGlobal
